
Microsoft Visual Studio Solution File, Format Version 12.00
# Visual Studio 14
VisualStudioVersion = 14.0.25420.1
MinimumVisualStudioVersion = 10.0.40219.1
Project("{2150E333-8FDC-42A3-9474-1A3956D46DE8}") = "_Mng", "_Mng", "{346F138C-56EE-48E9-A098-8D9DD5229809}"
EndProject
Project("{FAE04EC0-301F-11D3-BF4B-00C04F79EFBC}") = "_integrate_FW4.0", "_Mng\_integrate_FW4.0\_integrate_FW4.0.csproj", "{EEF55A24-2E3C-4847-94ED-79A4560A13B4}"
EndProject
Project("{FAE04EC0-301F-11D3-BF4B-00C04F79EFBC}") = "_integrate_FW4.5", "_Mng\_integrate_FW4.5\_integrate_FW4.5.csproj", "{0ABE1550-202D-4085-83D6-01928EC9648E}"
EndProject
Project("{FAE04EC0-301F-11D3-BF4B-00C04F79EFBC}") = "_Test_form", "_Mng\_Test_form\_Test_form.csproj", "{2ED9D9E8-F83E-44B6-BB6D-AAD73859C97A}"
EndProject
Project("{FAE04EC0-301F-11D3-BF4B-00C04F79EFBC}") = "_Test_SVC", "_Mng\_Test_SVC\_Test_SVC.csproj", "{6D4860B5-DBE0-4DE6-A6E8-73B1903E1395}"
EndProject
Project("{2150E333-8FDC-42A3-9474-1A3956D46DE8}") = "AutoUpdater", "AutoUpdater", "{B16F4FBC-9E59-4C4B-9114-0908E1A42D00}"
EndProject
Project("{FAE04EC0-301F-11D3-BF4B-00C04F79EFBC}") = "AutoUpdateClient", "AutoUpdater\AutoUpdater\AutoUpdateClient\AutoUpdateClient.csproj", "{D3CD5DD4-9B41-4751-9060-96ED915FCC0F}"
EndProject
Project("{FAE04EC0-301F-11D3-BF4B-00C04F79EFBC}") = "AutoUpdateUploader", "AutoUpdater\AutoUpdater\AutoUpdateUploader\AutoUpdateUploader.csproj", "{70F6AE58-EB7A-438D-B767-58B998BC021F}"
EndProject
Project("{FAE04EC0-301F-11D3-BF4B-00C04F79EFBC}") = "FileMover", "AutoUpdater\AutoUpdater\prjFileMover\FileMover.csproj", "{FA288A9E-9779-40DA-B72C-73B7A7E8BA2F}"
EndProject
Project("{2150E333-8FDC-42A3-9474-1A3956D46DE8}") = "Function", "Function", "{0DFA12DE-F89F-4FEA-819F-75EC44DDD1E5}"
EndProject
Project("{FAE04EC0-301F-11D3-BF4B-00C04F79EFBC}") = "AppAuth", "Function\AppAuth\AppAuth.csproj", "{78C34A59-0D62-46F6-93C1-EBB0D59AF147}"
EndProject
Project("{FAE04EC0-301F-11D3-BF4B-00C04F79EFBC}") = "Function", "Function\Function\Function.csproj", "{5843EBC1-FFAB-4D2D-A61B-E53CDCF1D625}"
EndProject
Project("{FAE04EC0-301F-11D3-BF4B-00C04F79EFBC}") = "Function.Advenced", "Function\Function.Advenced\Function.Advenced.csproj", "{73A519C1-5BEC-4C59-9359-70CFBA5EDFC9}"
EndProject
Project("{FAE04EC0-301F-11D3-BF4B-00C04F79EFBC}") = "Function.api", "Function\Function.api\Function.api.csproj", "{CBFCB375-B8EE-456B-B46E-934695C2A58A}"
EndProject
Project("{FAE04EC0-301F-11D3-BF4B-00C04F79EFBC}") = "Function.Archive", "Function\Function.Archive\Function.Archive.csproj", "{18348D28-2612-4EB1-A192-48DB0CD4E92C}"
EndProject
Project("{FAE04EC0-301F-11D3-BF4B-00C04F79EFBC}") = "Function.Component.DevExp", "Function\Function.Component.DevExp\Function.Component.DevExp.csproj", "{9AE620B2-BDD3-4005-B964-C730215137C6}"
EndProject
Project("{FAE04EC0-301F-11D3-BF4B-00C04F79EFBC}") = "Function.Device", "Function\Function.Device\Function.Device.csproj", "{3AF7CCD6-30B0-4212-B59E-3944BF04E38D}"
EndProject
Project("{FAE04EC0-301F-11D3-BF4B-00C04F79EFBC}") = "Function.Device.QLight", "Function\Function.Device.QLight\Function.Device.QLight.csproj", "{36A1A0C5-752D-44D9-BE49-2D17DD4B1530}"
EndProject
Project("{FAE04EC0-301F-11D3-BF4B-00C04F79EFBC}") = "Function.form", "Function\Function.form\Function.form.csproj", "{D92B5672-4F0D-407A-AC14-D97DCA94E803}"
EndProject
Project("{FAE04EC0-301F-11D3-BF4B-00C04F79EFBC}") = "IconHelper", "Function\IconHelper\IconHelper.csproj", "{7D3BC97C-82DC-4541-BD01-CBDC5981F307}"
EndProject
Project("{FAE04EC0-301F-11D3-BF4B-00C04F79EFBC}") = "USB.Printing", "Function\USB.Printing\USB.Printing.csproj", "{03008F6F-25C1-449E-AF31-8A1289DDC432}"
EndProject
Project("{2150E333-8FDC-42A3-9474-1A3956D46DE8}") = "PLC", "PLC", "{4789A671-4D41-4346-A9B5-DC2B07FAEF89}"
EndProject
Project("{FAE04EC0-301F-11D3-BF4B-00C04F79EFBC}") = "clsPLCModule", "PLC\clsPLCModule\clsPLCModule\clsPLCModule.csproj", "{863982CA-29CB-4FF7-B338-F770B85BC3C2}"
EndProject
Project("{2150E333-8FDC-42A3-9474-1A3956D46DE8}") = "Telegram", "Telegram", "{4590FAA9-D302-4CE9-AD4D-2A496EB859B4}"
EndProject
Project("{FAE04EC0-301F-11D3-BF4B-00C04F79EFBC}") = "Telegram.Bot", "Telegram\Telegram.Bot\Telegram.Bot.csproj", "{75580747-F7CA-44EB-9FCC-4E6A41C9A10E}"
EndProject
Project("{FAE04EC0-301F-11D3-BF4B-00C04F79EFBC}") = "Telegram.Massenger", "Telegram\Telegram.Massenger\Telegram.Massenger.csproj", "{F20576FC-CCA6-4F8C-84C2-3D4C85D7ACEA}"
EndProject
Project("{2150E333-8FDC-42A3-9474-1A3956D46DE8}") = "Web", "Web", "{5A05DE0A-1398-4634-A6D0-094AFD31E835}"
EndProject
Project("{FAE04EC0-301F-11D3-BF4B-00C04F79EFBC}") = "AutoUpdateServer_WEB", "Web\AutoUpdateServer_WEB\AutoUpdateServer_WEB.csproj", "{389F6FB7-4F92-43B9-B50D-57C5B73D5171}"
EndProject
Global
	GlobalSection(SolutionConfigurationPlatforms) = preSolution
		Debug|Any CPU = Debug|Any CPU
		Debug|x64 = Debug|x64
		Debug|x86 = Debug|x86
		Release|Any CPU = Release|Any CPU
		Release|x64 = Release|x64
		Release|x86 = Release|x86
	EndGlobalSection
	GlobalSection(ProjectConfigurationPlatforms) = postSolution
		{EEF55A24-2E3C-4847-94ED-79A4560A13B4}.Debug|Any CPU.ActiveCfg = Debug|Any CPU
		{EEF55A24-2E3C-4847-94ED-79A4560A13B4}.Debug|Any CPU.Build.0 = Debug|Any CPU
		{EEF55A24-2E3C-4847-94ED-79A4560A13B4}.Debug|x64.ActiveCfg = Debug|Any CPU
		{EEF55A24-2E3C-4847-94ED-79A4560A13B4}.Debug|x64.Build.0 = Debug|Any CPU
		{EEF55A24-2E3C-4847-94ED-79A4560A13B4}.Debug|x86.ActiveCfg = Debug|x86
		{EEF55A24-2E3C-4847-94ED-79A4560A13B4}.Debug|x86.Build.0 = Debug|x86
		{EEF55A24-2E3C-4847-94ED-79A4560A13B4}.Release|Any CPU.ActiveCfg = Release|Any CPU
		{EEF55A24-2E3C-4847-94ED-79A4560A13B4}.Release|Any CPU.Build.0 = Release|Any CPU
		{EEF55A24-2E3C-4847-94ED-79A4560A13B4}.Release|x64.ActiveCfg = Release|Any CPU
		{EEF55A24-2E3C-4847-94ED-79A4560A13B4}.Release|x64.Build.0 = Release|Any CPU
		{EEF55A24-2E3C-4847-94ED-79A4560A13B4}.Release|x86.ActiveCfg = Release|x86
		{EEF55A24-2E3C-4847-94ED-79A4560A13B4}.Release|x86.Build.0 = Release|x86
		{0ABE1550-202D-4085-83D6-01928EC9648E}.Debug|Any CPU.ActiveCfg = Debug|Any CPU
		{0ABE1550-202D-4085-83D6-01928EC9648E}.Debug|Any CPU.Build.0 = Debug|Any CPU
		{0ABE1550-202D-4085-83D6-01928EC9648E}.Debug|x64.ActiveCfg = Debug|Any CPU
		{0ABE1550-202D-4085-83D6-01928EC9648E}.Debug|x64.Build.0 = Debug|Any CPU
		{0ABE1550-202D-4085-83D6-01928EC9648E}.Debug|x86.ActiveCfg = Debug|x86
		{0ABE1550-202D-4085-83D6-01928EC9648E}.Debug|x86.Build.0 = Debug|x86
		{0ABE1550-202D-4085-83D6-01928EC9648E}.Release|Any CPU.ActiveCfg = Release|Any CPU
		{0ABE1550-202D-4085-83D6-01928EC9648E}.Release|Any CPU.Build.0 = Release|Any CPU
		{0ABE1550-202D-4085-83D6-01928EC9648E}.Release|x64.ActiveCfg = Release|Any CPU
		{0ABE1550-202D-4085-83D6-01928EC9648E}.Release|x64.Build.0 = Release|Any CPU
		{0ABE1550-202D-4085-83D6-01928EC9648E}.Release|x86.ActiveCfg = Release|x86
		{0ABE1550-202D-4085-83D6-01928EC9648E}.Release|x86.Build.0 = Release|x86
		{2ED9D9E8-F83E-44B6-BB6D-AAD73859C97A}.Debug|Any CPU.ActiveCfg = Debug|Any CPU
		{2ED9D9E8-F83E-44B6-BB6D-AAD73859C97A}.Debug|Any CPU.Build.0 = Debug|Any CPU
		{2ED9D9E8-F83E-44B6-BB6D-AAD73859C97A}.Debug|x64.ActiveCfg = Debug|Any CPU
		{2ED9D9E8-F83E-44B6-BB6D-AAD73859C97A}.Debug|x64.Build.0 = Debug|Any CPU
		{2ED9D9E8-F83E-44B6-BB6D-AAD73859C97A}.Debug|x86.ActiveCfg = Debug|x86
		{2ED9D9E8-F83E-44B6-BB6D-AAD73859C97A}.Debug|x86.Build.0 = Debug|x86
		{2ED9D9E8-F83E-44B6-BB6D-AAD73859C97A}.Release|Any CPU.ActiveCfg = Release|Any CPU
		{2ED9D9E8-F83E-44B6-BB6D-AAD73859C97A}.Release|Any CPU.Build.0 = Release|Any CPU
		{2ED9D9E8-F83E-44B6-BB6D-AAD73859C97A}.Release|x64.ActiveCfg = Release|Any CPU
		{2ED9D9E8-F83E-44B6-BB6D-AAD73859C97A}.Release|x64.Build.0 = Release|Any CPU
		{2ED9D9E8-F83E-44B6-BB6D-AAD73859C97A}.Release|x86.ActiveCfg = Release|x86
		{2ED9D9E8-F83E-44B6-BB6D-AAD73859C97A}.Release|x86.Build.0 = Release|x86
		{6D4860B5-DBE0-4DE6-A6E8-73B1903E1395}.Debug|Any CPU.ActiveCfg = Debug|Any CPU
		{6D4860B5-DBE0-4DE6-A6E8-73B1903E1395}.Debug|Any CPU.Build.0 = Debug|Any CPU
		{6D4860B5-DBE0-4DE6-A6E8-73B1903E1395}.Debug|x64.ActiveCfg = Debug|Any CPU
		{6D4860B5-DBE0-4DE6-A6E8-73B1903E1395}.Debug|x64.Build.0 = Debug|Any CPU
		{6D4860B5-DBE0-4DE6-A6E8-73B1903E1395}.Debug|x86.ActiveCfg = Debug|x86
		{6D4860B5-DBE0-4DE6-A6E8-73B1903E1395}.Debug|x86.Build.0 = Debug|x86
		{6D4860B5-DBE0-4DE6-A6E8-73B1903E1395}.Release|Any CPU.ActiveCfg = Release|Any CPU
		{6D4860B5-DBE0-4DE6-A6E8-73B1903E1395}.Release|Any CPU.Build.0 = Release|Any CPU
		{6D4860B5-DBE0-4DE6-A6E8-73B1903E1395}.Release|x64.ActiveCfg = Release|Any CPU
		{6D4860B5-DBE0-4DE6-A6E8-73B1903E1395}.Release|x64.Build.0 = Release|Any CPU
		{6D4860B5-DBE0-4DE6-A6E8-73B1903E1395}.Release|x86.ActiveCfg = Release|x86
		{6D4860B5-DBE0-4DE6-A6E8-73B1903E1395}.Release|x86.Build.0 = Release|x86
		{D3CD5DD4-9B41-4751-9060-96ED915FCC0F}.Debug|Any CPU.ActiveCfg = Debug|Any CPU
		{D3CD5DD4-9B41-4751-9060-96ED915FCC0F}.Debug|Any CPU.Build.0 = Debug|Any CPU
		{D3CD5DD4-9B41-4751-9060-96ED915FCC0F}.Debug|x64.ActiveCfg = Debug|Any CPU
		{D3CD5DD4-9B41-4751-9060-96ED915FCC0F}.Debug|x64.Build.0 = Debug|Any CPU
		{D3CD5DD4-9B41-4751-9060-96ED915FCC0F}.Debug|x86.ActiveCfg = Debug|x86
		{D3CD5DD4-9B41-4751-9060-96ED915FCC0F}.Debug|x86.Build.0 = Debug|x86
		{D3CD5DD4-9B41-4751-9060-96ED915FCC0F}.Release|Any CPU.ActiveCfg = Release|Any CPU
		{D3CD5DD4-9B41-4751-9060-96ED915FCC0F}.Release|Any CPU.Build.0 = Release|Any CPU
		{D3CD5DD4-9B41-4751-9060-96ED915FCC0F}.Release|x64.ActiveCfg = Release|Any CPU
		{D3CD5DD4-9B41-4751-9060-96ED915FCC0F}.Release|x64.Build.0 = Release|Any CPU
		{D3CD5DD4-9B41-4751-9060-96ED915FCC0F}.Release|x86.ActiveCfg = Release|x86
		{D3CD5DD4-9B41-4751-9060-96ED915FCC0F}.Release|x86.Build.0 = Release|x86
		{70F6AE58-EB7A-438D-B767-58B998BC021F}.Debug|Any CPU.ActiveCfg = Debug|Any CPU
		{70F6AE58-EB7A-438D-B767-58B998BC021F}.Debug|Any CPU.Build.0 = Debug|Any CPU
		{70F6AE58-EB7A-438D-B767-58B998BC021F}.Debug|x64.ActiveCfg = Debug|Any CPU
		{70F6AE58-EB7A-438D-B767-58B998BC021F}.Debug|x64.Build.0 = Debug|Any CPU
		{70F6AE58-EB7A-438D-B767-58B998BC021F}.Debug|x86.ActiveCfg = Debug|x86
		{70F6AE58-EB7A-438D-B767-58B998BC021F}.Debug|x86.Build.0 = Debug|x86
		{70F6AE58-EB7A-438D-B767-58B998BC021F}.Release|Any CPU.ActiveCfg = Release|Any CPU
		{70F6AE58-EB7A-438D-B767-58B998BC021F}.Release|Any CPU.Build.0 = Release|Any CPU
		{70F6AE58-EB7A-438D-B767-58B998BC021F}.Release|x64.ActiveCfg = Release|Any CPU
		{70F6AE58-EB7A-438D-B767-58B998BC021F}.Release|x64.Build.0 = Release|Any CPU
		{70F6AE58-EB7A-438D-B767-58B998BC021F}.Release|x86.ActiveCfg = Release|x86
		{70F6AE58-EB7A-438D-B767-58B998BC021F}.Release|x86.Build.0 = Release|x86
		{FA288A9E-9779-40DA-B72C-73B7A7E8BA2F}.Debug|Any CPU.ActiveCfg = Debug|Any CPU
		{FA288A9E-9779-40DA-B72C-73B7A7E8BA2F}.Debug|Any CPU.Build.0 = Debug|Any CPU
		{FA288A9E-9779-40DA-B72C-73B7A7E8BA2F}.Debug|x64.ActiveCfg = Debug|Any CPU
		{FA288A9E-9779-40DA-B72C-73B7A7E8BA2F}.Debug|x64.Build.0 = Debug|Any CPU
		{FA288A9E-9779-40DA-B72C-73B7A7E8BA2F}.Debug|x86.ActiveCfg = Debug|x86
		{FA288A9E-9779-40DA-B72C-73B7A7E8BA2F}.Debug|x86.Build.0 = Debug|x86
		{FA288A9E-9779-40DA-B72C-73B7A7E8BA2F}.Release|Any CPU.ActiveCfg = Release|Any CPU
		{FA288A9E-9779-40DA-B72C-73B7A7E8BA2F}.Release|Any CPU.Build.0 = Release|Any CPU
		{FA288A9E-9779-40DA-B72C-73B7A7E8BA2F}.Release|x64.ActiveCfg = Release|Any CPU
		{FA288A9E-9779-40DA-B72C-73B7A7E8BA2F}.Release|x64.Build.0 = Release|Any CPU
		{FA288A9E-9779-40DA-B72C-73B7A7E8BA2F}.Release|x86.ActiveCfg = Release|x86
		{FA288A9E-9779-40DA-B72C-73B7A7E8BA2F}.Release|x86.Build.0 = Release|x86
		{78C34A59-0D62-46F6-93C1-EBB0D59AF147}.Debug|Any CPU.ActiveCfg = Debug|Any CPU
		{78C34A59-0D62-46F6-93C1-EBB0D59AF147}.Debug|Any CPU.Build.0 = Debug|Any CPU
		{78C34A59-0D62-46F6-93C1-EBB0D59AF147}.Debug|x64.ActiveCfg = Debug|Any CPU
		{78C34A59-0D62-46F6-93C1-EBB0D59AF147}.Debug|x64.Build.0 = Debug|Any CPU
		{78C34A59-0D62-46F6-93C1-EBB0D59AF147}.Debug|x86.ActiveCfg = Debug|x86
		{78C34A59-0D62-46F6-93C1-EBB0D59AF147}.Debug|x86.Build.0 = Debug|x86
		{78C34A59-0D62-46F6-93C1-EBB0D59AF147}.Release|Any CPU.ActiveCfg = Release|Any CPU
		{78C34A59-0D62-46F6-93C1-EBB0D59AF147}.Release|Any CPU.Build.0 = Release|Any CPU
		{78C34A59-0D62-46F6-93C1-EBB0D59AF147}.Release|x64.ActiveCfg = Release|Any CPU
		{78C34A59-0D62-46F6-93C1-EBB0D59AF147}.Release|x64.Build.0 = Release|Any CPU
		{78C34A59-0D62-46F6-93C1-EBB0D59AF147}.Release|x86.ActiveCfg = Release|x86
		{78C34A59-0D62-46F6-93C1-EBB0D59AF147}.Release|x86.Build.0 = Release|x86
		{5843EBC1-FFAB-4D2D-A61B-E53CDCF1D625}.Debug|Any CPU.ActiveCfg = Debug|Any CPU
		{5843EBC1-FFAB-4D2D-A61B-E53CDCF1D625}.Debug|Any CPU.Build.0 = Debug|Any CPU
		{5843EBC1-FFAB-4D2D-A61B-E53CDCF1D625}.Debug|x64.ActiveCfg = Debug|x64
		{5843EBC1-FFAB-4D2D-A61B-E53CDCF1D625}.Debug|x64.Build.0 = Debug|x64
		{5843EBC1-FFAB-4D2D-A61B-E53CDCF1D625}.Debug|x86.ActiveCfg = Debug|x86
		{5843EBC1-FFAB-4D2D-A61B-E53CDCF1D625}.Debug|x86.Build.0 = Debug|x86
		{5843EBC1-FFAB-4D2D-A61B-E53CDCF1D625}.Release|Any CPU.ActiveCfg = Release|Any CPU
		{5843EBC1-FFAB-4D2D-A61B-E53CDCF1D625}.Release|Any CPU.Build.0 = Release|Any CPU
		{5843EBC1-FFAB-4D2D-A61B-E53CDCF1D625}.Release|x64.ActiveCfg = Release|x64
		{5843EBC1-FFAB-4D2D-A61B-E53CDCF1D625}.Release|x64.Build.0 = Release|x64
		{5843EBC1-FFAB-4D2D-A61B-E53CDCF1D625}.Release|x86.ActiveCfg = Release|x86
		{5843EBC1-FFAB-4D2D-A61B-E53CDCF1D625}.Release|x86.Build.0 = Release|x86
		{73A519C1-5BEC-4C59-9359-70CFBA5EDFC9}.Debug|Any CPU.ActiveCfg = Debug|Any CPU
		{73A519C1-5BEC-4C59-9359-70CFBA5EDFC9}.Debug|Any CPU.Build.0 = Debug|Any CPU
		{73A519C1-5BEC-4C59-9359-70CFBA5EDFC9}.Debug|x64.ActiveCfg = Debug|Any CPU
		{73A519C1-5BEC-4C59-9359-70CFBA5EDFC9}.Debug|x64.Build.0 = Debug|Any CPU
		{73A519C1-5BEC-4C59-9359-70CFBA5EDFC9}.Debug|x86.ActiveCfg = Debug|x86
		{73A519C1-5BEC-4C59-9359-70CFBA5EDFC9}.Debug|x86.Build.0 = Debug|x86
		{73A519C1-5BEC-4C59-9359-70CFBA5EDFC9}.Release|Any CPU.ActiveCfg = Release|Any CPU
		{73A519C1-5BEC-4C59-9359-70CFBA5EDFC9}.Release|Any CPU.Build.0 = Release|Any CPU
		{73A519C1-5BEC-4C59-9359-70CFBA5EDFC9}.Release|x64.ActiveCfg = Release|Any CPU
		{73A519C1-5BEC-4C59-9359-70CFBA5EDFC9}.Release|x64.Build.0 = Release|Any CPU
		{73A519C1-5BEC-4C59-9359-70CFBA5EDFC9}.Release|x86.ActiveCfg = Release|x86
		{73A519C1-5BEC-4C59-9359-70CFBA5EDFC9}.Release|x86.Build.0 = Release|x86
		{CBFCB375-B8EE-456B-B46E-934695C2A58A}.Debug|Any CPU.ActiveCfg = Debug|x86
		{CBFCB375-B8EE-456B-B46E-934695C2A58A}.Debug|x64.ActiveCfg = Debug|x86
		{CBFCB375-B8EE-456B-B46E-934695C2A58A}.Debug|x86.ActiveCfg = Debug|x86
		{CBFCB375-B8EE-456B-B46E-934695C2A58A}.Debug|x86.Build.0 = Debug|x86
		{CBFCB375-B8EE-456B-B46E-934695C2A58A}.Release|Any CPU.ActiveCfg = Release|x86
		{CBFCB375-B8EE-456B-B46E-934695C2A58A}.Release|x64.ActiveCfg = Release|x86
		{CBFCB375-B8EE-456B-B46E-934695C2A58A}.Release|x86.ActiveCfg = Release|x86
		{CBFCB375-B8EE-456B-B46E-934695C2A58A}.Release|x86.Build.0 = Release|x86
		{18348D28-2612-4EB1-A192-48DB0CD4E92C}.Debug|Any CPU.ActiveCfg = Debug|Any CPU
		{18348D28-2612-4EB1-A192-48DB0CD4E92C}.Debug|Any CPU.Build.0 = Debug|Any CPU
		{18348D28-2612-4EB1-A192-48DB0CD4E92C}.Debug|x64.ActiveCfg = Debug|Any CPU
		{18348D28-2612-4EB1-A192-48DB0CD4E92C}.Debug|x64.Build.0 = Debug|Any CPU
		{18348D28-2612-4EB1-A192-48DB0CD4E92C}.Debug|x86.ActiveCfg = Debug|x86
		{18348D28-2612-4EB1-A192-48DB0CD4E92C}.Debug|x86.Build.0 = Debug|x86
		{18348D28-2612-4EB1-A192-48DB0CD4E92C}.Release|Any CPU.ActiveCfg = Release|Any CPU
		{18348D28-2612-4EB1-A192-48DB0CD4E92C}.Release|Any CPU.Build.0 = Release|Any CPU
		{18348D28-2612-4EB1-A192-48DB0CD4E92C}.Release|x64.ActiveCfg = Release|Any CPU
		{18348D28-2612-4EB1-A192-48DB0CD4E92C}.Release|x64.Build.0 = Release|Any CPU
		{18348D28-2612-4EB1-A192-48DB0CD4E92C}.Release|x86.ActiveCfg = Release|x86
		{18348D28-2612-4EB1-A192-48DB0CD4E92C}.Release|x86.Build.0 = Release|x86
		{9AE620B2-BDD3-4005-B964-C730215137C6}.Debug|Any CPU.ActiveCfg = Debug|Any CPU
		{9AE620B2-BDD3-4005-B964-C730215137C6}.Debug|Any CPU.Build.0 = Debug|Any CPU
		{9AE620B2-BDD3-4005-B964-C730215137C6}.Debug|x64.ActiveCfg = Debug|x64
		{9AE620B2-BDD3-4005-B964-C730215137C6}.Debug|x64.Build.0 = Debug|x64
		{9AE620B2-BDD3-4005-B964-C730215137C6}.Debug|x86.ActiveCfg = Debug|x86
		{9AE620B2-BDD3-4005-B964-C730215137C6}.Debug|x86.Build.0 = Debug|x86
		{9AE620B2-BDD3-4005-B964-C730215137C6}.Release|Any CPU.ActiveCfg = Release|Any CPU
		{9AE620B2-BDD3-4005-B964-C730215137C6}.Release|Any CPU.Build.0 = Release|Any CPU
		{9AE620B2-BDD3-4005-B964-C730215137C6}.Release|x64.ActiveCfg = Release|x64
		{9AE620B2-BDD3-4005-B964-C730215137C6}.Release|x64.Build.0 = Release|x64
		{9AE620B2-BDD3-4005-B964-C730215137C6}.Release|x86.ActiveCfg = Release|x86
		{9AE620B2-BDD3-4005-B964-C730215137C6}.Release|x86.Build.0 = Release|x86
		{3AF7CCD6-30B0-4212-B59E-3944BF04E38D}.Debug|Any CPU.ActiveCfg = Debug|Any CPU
		{3AF7CCD6-30B0-4212-B59E-3944BF04E38D}.Debug|Any CPU.Build.0 = Debug|Any CPU
		{3AF7CCD6-30B0-4212-B59E-3944BF04E38D}.Debug|x64.ActiveCfg = Debug|Any CPU
		{3AF7CCD6-30B0-4212-B59E-3944BF04E38D}.Debug|x64.Build.0 = Debug|Any CPU
		{3AF7CCD6-30B0-4212-B59E-3944BF04E38D}.Debug|x86.ActiveCfg = Debug|x86
		{3AF7CCD6-30B0-4212-B59E-3944BF04E38D}.Debug|x86.Build.0 = Debug|x86
		{3AF7CCD6-30B0-4212-B59E-3944BF04E38D}.Release|Any CPU.ActiveCfg = Release|Any CPU
		{3AF7CCD6-30B0-4212-B59E-3944BF04E38D}.Release|Any CPU.Build.0 = Release|Any CPU
		{3AF7CCD6-30B0-4212-B59E-3944BF04E38D}.Release|x64.ActiveCfg = Release|Any CPU
		{3AF7CCD6-30B0-4212-B59E-3944BF04E38D}.Release|x64.Build.0 = Release|Any CPU
		{3AF7CCD6-30B0-4212-B59E-3944BF04E38D}.Release|x86.ActiveCfg = Release|x86
		{3AF7CCD6-30B0-4212-B59E-3944BF04E38D}.Release|x86.Build.0 = Release|x86
		{36A1A0C5-752D-44D9-BE49-2D17DD4B1530}.Debug|Any CPU.ActiveCfg = Debug|Any CPU
		{36A1A0C5-752D-44D9-BE49-2D17DD4B1530}.Debug|Any CPU.Build.0 = Debug|Any CPU
		{36A1A0C5-752D-44D9-BE49-2D17DD4B1530}.Debug|x64.ActiveCfg = Debug|Any CPU
		{36A1A0C5-752D-44D9-BE49-2D17DD4B1530}.Debug|x64.Build.0 = Debug|Any CPU
		{36A1A0C5-752D-44D9-BE49-2D17DD4B1530}.Debug|x86.ActiveCfg = Debug|x86
		{36A1A0C5-752D-44D9-BE49-2D17DD4B1530}.Debug|x86.Build.0 = Debug|x86
		{36A1A0C5-752D-44D9-BE49-2D17DD4B1530}.Release|Any CPU.ActiveCfg = Release|Any CPU
		{36A1A0C5-752D-44D9-BE49-2D17DD4B1530}.Release|Any CPU.Build.0 = Release|Any CPU
		{36A1A0C5-752D-44D9-BE49-2D17DD4B1530}.Release|x64.ActiveCfg = Release|Any CPU
		{36A1A0C5-752D-44D9-BE49-2D17DD4B1530}.Release|x64.Build.0 = Release|Any CPU
		{36A1A0C5-752D-44D9-BE49-2D17DD4B1530}.Release|x86.ActiveCfg = Release|x86
		{36A1A0C5-752D-44D9-BE49-2D17DD4B1530}.Release|x86.Build.0 = Release|x86
		{D92B5672-4F0D-407A-AC14-D97DCA94E803}.Debug|Any CPU.ActiveCfg = Debug|Any CPU
		{D92B5672-4F0D-407A-AC14-D97DCA94E803}.Debug|Any CPU.Build.0 = Debug|Any CPU
		{D92B5672-4F0D-407A-AC14-D97DCA94E803}.Debug|x64.ActiveCfg = Debug|x64
		{D92B5672-4F0D-407A-AC14-D97DCA94E803}.Debug|x64.Build.0 = Debug|x64
		{D92B5672-4F0D-407A-AC14-D97DCA94E803}.Debug|x86.ActiveCfg = Debug|x86
		{D92B5672-4F0D-407A-AC14-D97DCA94E803}.Debug|x86.Build.0 = Debug|x86
		{D92B5672-4F0D-407A-AC14-D97DCA94E803}.Release|Any CPU.ActiveCfg = Release|Any CPU
		{D92B5672-4F0D-407A-AC14-D97DCA94E803}.Release|Any CPU.Build.0 = Release|Any CPU
		{D92B5672-4F0D-407A-AC14-D97DCA94E803}.Release|x64.ActiveCfg = Release|x64
		{D92B5672-4F0D-407A-AC14-D97DCA94E803}.Release|x64.Build.0 = Release|x64
		{D92B5672-4F0D-407A-AC14-D97DCA94E803}.Release|x86.ActiveCfg = Release|x86
		{D92B5672-4F0D-407A-AC14-D97DCA94E803}.Release|x86.Build.0 = Release|x86
		{7D3BC97C-82DC-4541-BD01-CBDC5981F307}.Debug|Any CPU.ActiveCfg = Debug|Any CPU
		{7D3BC97C-82DC-4541-BD01-CBDC5981F307}.Debug|Any CPU.Build.0 = Debug|Any CPU
		{7D3BC97C-82DC-4541-BD01-CBDC5981F307}.Debug|x64.ActiveCfg = Debug|Any CPU
		{7D3BC97C-82DC-4541-BD01-CBDC5981F307}.Debug|x64.Build.0 = Debug|Any CPU
		{7D3BC97C-82DC-4541-BD01-CBDC5981F307}.Debug|x86.ActiveCfg = Debug|x86
		{7D3BC97C-82DC-4541-BD01-CBDC5981F307}.Debug|x86.Build.0 = Debug|x86
		{7D3BC97C-82DC-4541-BD01-CBDC5981F307}.Release|Any CPU.ActiveCfg = Release|Any CPU
		{7D3BC97C-82DC-4541-BD01-CBDC5981F307}.Release|Any CPU.Build.0 = Release|Any CPU
		{7D3BC97C-82DC-4541-BD01-CBDC5981F307}.Release|x64.ActiveCfg = Release|Any CPU
		{7D3BC97C-82DC-4541-BD01-CBDC5981F307}.Release|x64.Build.0 = Release|Any CPU
		{7D3BC97C-82DC-4541-BD01-CBDC5981F307}.Release|x86.ActiveCfg = Release|x86
		{7D3BC97C-82DC-4541-BD01-CBDC5981F307}.Release|x86.Build.0 = Release|x86
		{03008F6F-25C1-449E-AF31-8A1289DDC432}.Debug|Any CPU.ActiveCfg = Debug|x86
		{03008F6F-25C1-449E-AF31-8A1289DDC432}.Debug|x64.ActiveCfg = Debug|x86
		{03008F6F-25C1-449E-AF31-8A1289DDC432}.Debug|x86.ActiveCfg = Debug|x86
		{03008F6F-25C1-449E-AF31-8A1289DDC432}.Debug|x86.Build.0 = Debug|x86
		{03008F6F-25C1-449E-AF31-8A1289DDC432}.Release|Any CPU.ActiveCfg = Release|x86
		{03008F6F-25C1-449E-AF31-8A1289DDC432}.Release|x64.ActiveCfg = Release|x86
		{03008F6F-25C1-449E-AF31-8A1289DDC432}.Release|x86.ActiveCfg = Release|x86
		{03008F6F-25C1-449E-AF31-8A1289DDC432}.Release|x86.Build.0 = Release|x86
		{863982CA-29CB-4FF7-B338-F770B85BC3C2}.Debug|Any CPU.ActiveCfg = Debug|Any CPU
		{863982CA-29CB-4FF7-B338-F770B85BC3C2}.Debug|Any CPU.Build.0 = Debug|Any CPU
		{863982CA-29CB-4FF7-B338-F770B85BC3C2}.Debug|x64.ActiveCfg = Debug|Any CPU
		{863982CA-29CB-4FF7-B338-F770B85BC3C2}.Debug|x64.Build.0 = Debug|Any CPU
		{863982CA-29CB-4FF7-B338-F770B85BC3C2}.Debug|x86.ActiveCfg = Debug|x86
		{863982CA-29CB-4FF7-B338-F770B85BC3C2}.Debug|x86.Build.0 = Debug|x86
		{863982CA-29CB-4FF7-B338-F770B85BC3C2}.Release|Any CPU.ActiveCfg = Release|Any CPU
		{863982CA-29CB-4FF7-B338-F770B85BC3C2}.Release|Any CPU.Build.0 = Release|Any CPU
		{863982CA-29CB-4FF7-B338-F770B85BC3C2}.Release|x64.ActiveCfg = Release|Any CPU
		{863982CA-29CB-4FF7-B338-F770B85BC3C2}.Release|x64.Build.0 = Release|Any CPU
		{863982CA-29CB-4FF7-B338-F770B85BC3C2}.Release|x86.ActiveCfg = Release|x86
		{863982CA-29CB-4FF7-B338-F770B85BC3C2}.Release|x86.Build.0 = Release|x86
		{75580747-F7CA-44EB-9FCC-4E6A41C9A10E}.Debug|Any CPU.ActiveCfg = Debug|Any CPU
		{75580747-F7CA-44EB-9FCC-4E6A41C9A10E}.Debug|Any CPU.Build.0 = Debug|Any CPU
		{75580747-F7CA-44EB-9FCC-4E6A41C9A10E}.Debug|x64.ActiveCfg = Debug|Any CPU
		{75580747-F7CA-44EB-9FCC-4E6A41C9A10E}.Debug|x64.Build.0 = Debug|Any CPU
		{75580747-F7CA-44EB-9FCC-4E6A41C9A10E}.Debug|x86.ActiveCfg = Debug|x86
		{75580747-F7CA-44EB-9FCC-4E6A41C9A10E}.Debug|x86.Build.0 = Debug|x86
		{75580747-F7CA-44EB-9FCC-4E6A41C9A10E}.Release|Any CPU.ActiveCfg = Release|Any CPU
		{75580747-F7CA-44EB-9FCC-4E6A41C9A10E}.Release|Any CPU.Build.0 = Release|Any CPU
		{75580747-F7CA-44EB-9FCC-4E6A41C9A10E}.Release|x64.ActiveCfg = Release|Any CPU
		{75580747-F7CA-44EB-9FCC-4E6A41C9A10E}.Release|x64.Build.0 = Release|Any CPU
		{75580747-F7CA-44EB-9FCC-4E6A41C9A10E}.Release|x86.ActiveCfg = Release|x86
		{75580747-F7CA-44EB-9FCC-4E6A41C9A10E}.Release|x86.Build.0 = Release|x86
		{F20576FC-CCA6-4F8C-84C2-3D4C85D7ACEA}.Debug|Any CPU.ActiveCfg = Debug|Any CPU
		{F20576FC-CCA6-4F8C-84C2-3D4C85D7ACEA}.Debug|Any CPU.Build.0 = Debug|Any CPU
		{F20576FC-CCA6-4F8C-84C2-3D4C85D7ACEA}.Debug|x64.ActiveCfg = Debug|Any CPU
		{F20576FC-CCA6-4F8C-84C2-3D4C85D7ACEA}.Debug|x64.Build.0 = Debug|Any CPU
		{F20576FC-CCA6-4F8C-84C2-3D4C85D7ACEA}.Debug|x86.ActiveCfg = Debug|x86
		{F20576FC-CCA6-4F8C-84C2-3D4C85D7ACEA}.Debug|x86.Build.0 = Debug|x86
		{F20576FC-CCA6-4F8C-84C2-3D4C85D7ACEA}.Release|Any CPU.ActiveCfg = Release|Any CPU
		{F20576FC-CCA6-4F8C-84C2-3D4C85D7ACEA}.Release|Any CPU.Build.0 = Release|Any CPU
		{F20576FC-CCA6-4F8C-84C2-3D4C85D7ACEA}.Release|x64.ActiveCfg = Release|Any CPU
		{F20576FC-CCA6-4F8C-84C2-3D4C85D7ACEA}.Release|x64.Build.0 = Release|Any CPU
		{F20576FC-CCA6-4F8C-84C2-3D4C85D7ACEA}.Release|x86.ActiveCfg = Release|x86
		{F20576FC-CCA6-4F8C-84C2-3D4C85D7ACEA}.Release|x86.Build.0 = Release|x86
		{389F6FB7-4F92-43B9-B50D-57C5B73D5171}.Debug|Any CPU.ActiveCfg = Debug|Any CPU
		{389F6FB7-4F92-43B9-B50D-57C5B73D5171}.Debug|Any CPU.Build.0 = Debug|Any CPU
		{389F6FB7-4F92-43B9-B50D-57C5B73D5171}.Debug|x64.ActiveCfg = Debug|x64
		{389F6FB7-4F92-43B9-B50D-57C5B73D5171}.Debug|x64.Build.0 = Debug|x64
		{389F6FB7-4F92-43B9-B50D-57C5B73D5171}.Debug|x86.ActiveCfg = Debug|x86
		{389F6FB7-4F92-43B9-B50D-57C5B73D5171}.Debug|x86.Build.0 = Debug|x86
		{389F6FB7-4F92-43B9-B50D-57C5B73D5171}.Release|Any CPU.ActiveCfg = Release|Any CPU
		{389F6FB7-4F92-43B9-B50D-57C5B73D5171}.Release|Any CPU.Build.0 = Release|Any CPU
		{389F6FB7-4F92-43B9-B50D-57C5B73D5171}.Release|x64.ActiveCfg = Release|x64
		{389F6FB7-4F92-43B9-B50D-57C5B73D5171}.Release|x64.Build.0 = Release|x64
		{389F6FB7-4F92-43B9-B50D-57C5B73D5171}.Release|x86.ActiveCfg = Release|x86
		{389F6FB7-4F92-43B9-B50D-57C5B73D5171}.Release|x86.Build.0 = Release|x86
	EndGlobalSection
	GlobalSection(SolutionProperties) = preSolution
		HideSolutionNode = FALSE
	EndGlobalSection
	GlobalSection(NestedProjects) = preSolution
		{EEF55A24-2E3C-4847-94ED-79A4560A13B4} = {346F138C-56EE-48E9-A098-8D9DD5229809}
		{0ABE1550-202D-4085-83D6-01928EC9648E} = {346F138C-56EE-48E9-A098-8D9DD5229809}
		{2ED9D9E8-F83E-44B6-BB6D-AAD73859C97A} = {346F138C-56EE-48E9-A098-8D9DD5229809}
		{6D4860B5-DBE0-4DE6-A6E8-73B1903E1395} = {346F138C-56EE-48E9-A098-8D9DD5229809}
		{D3CD5DD4-9B41-4751-9060-96ED915FCC0F} = {B16F4FBC-9E59-4C4B-9114-0908E1A42D00}
		{70F6AE58-EB7A-438D-B767-58B998BC021F} = {B16F4FBC-9E59-4C4B-9114-0908E1A42D00}
		{FA288A9E-9779-40DA-B72C-73B7A7E8BA2F} = {B16F4FBC-9E59-4C4B-9114-0908E1A42D00}
		{78C34A59-0D62-46F6-93C1-EBB0D59AF147} = {0DFA12DE-F89F-4FEA-819F-75EC44DDD1E5}
		{5843EBC1-FFAB-4D2D-A61B-E53CDCF1D625} = {0DFA12DE-F89F-4FEA-819F-75EC44DDD1E5}
		{73A519C1-5BEC-4C59-9359-70CFBA5EDFC9} = {0DFA12DE-F89F-4FEA-819F-75EC44DDD1E5}
		{CBFCB375-B8EE-456B-B46E-934695C2A58A} = {0DFA12DE-F89F-4FEA-819F-75EC44DDD1E5}
		{18348D28-2612-4EB1-A192-48DB0CD4E92C} = {0DFA12DE-F89F-4FEA-819F-75EC44DDD1E5}
		{9AE620B2-BDD3-4005-B964-C730215137C6} = {0DFA12DE-F89F-4FEA-819F-75EC44DDD1E5}
		{3AF7CCD6-30B0-4212-B59E-3944BF04E38D} = {0DFA12DE-F89F-4FEA-819F-75EC44DDD1E5}
		{36A1A0C5-752D-44D9-BE49-2D17DD4B1530} = {0DFA12DE-F89F-4FEA-819F-75EC44DDD1E5}
		{D92B5672-4F0D-407A-AC14-D97DCA94E803} = {0DFA12DE-F89F-4FEA-819F-75EC44DDD1E5}
		{7D3BC97C-82DC-4541-BD01-CBDC5981F307} = {0DFA12DE-F89F-4FEA-819F-75EC44DDD1E5}
		{03008F6F-25C1-449E-AF31-8A1289DDC432} = {0DFA12DE-F89F-4FEA-819F-75EC44DDD1E5}
		{863982CA-29CB-4FF7-B338-F770B85BC3C2} = {4789A671-4D41-4346-A9B5-DC2B07FAEF89}
		{75580747-F7CA-44EB-9FCC-4E6A41C9A10E} = {4590FAA9-D302-4CE9-AD4D-2A496EB859B4}
		{F20576FC-CCA6-4F8C-84C2-3D4C85D7ACEA} = {4590FAA9-D302-4CE9-AD4D-2A496EB859B4}
		{389F6FB7-4F92-43B9-B50D-57C5B73D5171} = {5A05DE0A-1398-4634-A6D0-094AFD31E835}
	EndGlobalSection
EndGlobal
